<Solution>
  <Project Path="AccountContentService.Api/AccountContentService.Api.csproj" />
  <Project Path="AccountContentService.Application/AccountContentService.Application.csproj" />
  <Project Path="AccountContentService.Domain/AccountContentService.Domain.csproj" />
  <Project Path="AccountContentService.Infrastructure/AccountContentService.Infrastructure.csproj" />
</Solution>
