<Solution>
  <Project Path="AccountContentService.Api/AccountContentService.Api.csproj" />
  <Project Path="AccountContentService.Application/AccountContentService.Application.csproj" />
  <Project Path="AccountContentService.Domain/AccountContentService.Domain.csproj" />
  <Project Path="AccountContentService.Infrastructure/AccountContentService.Infrastructure.csproj" />
  <Project Path="AccountContentService.Tests/AccountContentService.Tests.csproj" Id="a3afe467-9f17-4cde-ad42-f8e38febe4c8" />
</Solution>
