<Solution>
  <Project Path="D:/FPTU/HK9_Spring26/SEP490/Coding/BE/soundmates-be-prj/services/account-content-service/AccountContentService.Api/AccountContentService.Api.csproj" />
  <Project Path="D:/FPTU/HK9_Spring26/SEP490/Coding/BE/soundmates-be-prj/services/account-content-service/AccountContentService.Application/AccountContentService.Application.csproj" />
  <Project Path="D:/FPTU/HK9_Spring26/SEP490/Coding/BE/soundmates-be-prj/services/account-content-service/AccountContentService.Domain/AccountContentService.Domain.csproj" />
  <Project Path="D:/FPTU/HK9_Spring26/SEP490/Coding/BE/soundmates-be-prj/services/account-content-service/AccountContentService.Infrastructure/AccountContentService.Infrastructure.csproj" />
  <Project Path="D:/FPTU/HK9_Spring26/SEP490/Coding/BE/soundmates-be-prj/services/account-content-service/AccountContentService.Tests/AccountContentService.Tests.csproj" Id="a3afe467-9f17-4cde-ad42-f8e38febe4c8" />
</Solution>
